schema: '2.0'
stages:
  train:
    cmd: python train_pipeline.py --config configs/train_config.yaml
    deps:
    - path: configs/train_config.yaml
      hash: md5
      md5: 53f88f03a25eea92c96e97d035940590
      size: 1567
    - path: data
      hash: md5
      md5: 5e6d96c69c8f2e7fd1197b32d9aaa3b1.dir
      size: 44982290
      nfiles: 11
    outs:
    - path: models/losses.json
      hash: md5
      md5: 937eaf1a64380cf8c9fd0ebe446f068e
      size: 301
    - path: models/model.pkl
      hash: md5
      md5: 281b109ff5e816aeeb48990c159a7227
      size: 496697
